// !$*UTF8*$!
{
	archiveVersion = 1;
	classes = {
	};
	objectVersion = 46;
	objects = {

/* Begin PBXBuildFile section */
		13016E261EF8A1F000C83DE5 /* OrderedItemTableViewCell.swift in Sources */ = {isa = PBXBuildFile; fileRef = 13016E251EF8A1F000C83DE5 /* OrderedItemTableViewCell.swift */; };
		13451C611EFF36DE009CCC86 /* SearchHeaderView.xib in Resources */ = {isa = PBXBuildFile; fileRef = 13451C601EFF36DE009CCC86 /* SearchHeaderView.xib */; };
		13451C631EFF3726009CCC86 /* SearchHeaderView.swift in Sources */ = {isa = PBXBuildFile; fileRef = 13451C621EFF3726009CCC86 /* SearchHeaderView.swift */; };
		13451C681EFF4FF7009CCC86 /* SelectableMasterViewCell.xib in Resources */ = {isa = PBXBuildFile; fileRef = 13451C671EFF4FF7009CCC86 /* SelectableMasterViewCell.xib */; };
		13451C6A1EFF500E009CCC86 /* SelectableDetailViewCategoryCell.xib in Resources */ = {isa = PBXBuildFile; fileRef = 13451C691EFF500E009CCC86 /* SelectableDetailViewCategoryCell.xib */; };
		13451C6C1EFF503D009CCC86 /* SelectableMasterViewCell.swift in Sources */ = {isa = PBXBuildFile; fileRef = 13451C6B1EFF503D009CCC86 /* SelectableMasterViewCell.swift */; };
		13451C6E1EFF506A009CCC86 /* SelectableDetailViewCategoryCell.swift in Sources */ = {isa = PBXBuildFile; fileRef = 13451C6D1EFF506A009CCC86 /* SelectableDetailViewCategoryCell.swift */; };
		135036D51EAE5E3B003B7745 /* PlaceOrderViewController.swift in Sources */ = {isa = PBXBuildFile; fileRef = 135036D41EAE5E3B003B7745 /* PlaceOrderViewController.swift */; };
		13573CB21EC11C91003A396A /* Model.xcdatamodeld in Sources */ = {isa = PBXBuildFile; fileRef = 13573CB01EC11C91003A396A /* Model.xcdatamodeld */; };
		13573CC21EC12FB0003A396A /* ItemCD+CoreDataClass.swift in Sources */ = {isa = PBXBuildFile; fileRef = 13573CBE1EC12FB0003A396A /* ItemCD+CoreDataClass.swift */; };
		13573CC41EC12FB0003A396A /* CategoryCD+CoreDataClass.swift in Sources */ = {isa = PBXBuildFile; fileRef = 13573CC01EC12FB0003A396A /* CategoryCD+CoreDataClass.swift */; };
		1372B3BC1EBA5AA50042B0F2 /* GoogleService-Info.plist in Resources */ = {isa = PBXBuildFile; fileRef = 1372B3BB1EBA5AA50042B0F2 /* GoogleService-Info.plist */; };
		1372B3BE1EBA5F2B0042B0F2 /* SignInModel.swift in Sources */ = {isa = PBXBuildFile; fileRef = 1372B3BD1EBA5F2B0042B0F2 /* SignInModel.swift */; };
		138983791EE4F8DE003FD12A /* SWRevealViewController.m in Sources */ = {isa = PBXBuildFile; fileRef = 138983781EE4F8DE003FD12A /* SWRevealViewController.m */; };
		1389837D1EE59322003FD12A /* SideMenuTableViewController.swift in Sources */ = {isa = PBXBuildFile; fileRef = 1389837C1EE59322003FD12A /* SideMenuTableViewController.swift */; };
		138CD9C41E7C3283004C5EC4 /* DataManager.swift in Sources */ = {isa = PBXBuildFile; fileRef = 138CD9C31E7C3283004C5EC4 /* DataManager.swift */; };
		13969B2E1EDBC53C001145B1 /* OrderDetailViewController.swift in Sources */ = {isa = PBXBuildFile; fileRef = 13969B2D1EDBC53C001145B1 /* OrderDetailViewController.swift */; };
		13969B351EDCEAF6001145B1 /* FacebookCustomLoginButton.swift in Sources */ = {isa = PBXBuildFile; fileRef = 13969B341EDCEAF6001145B1 /* FacebookCustomLoginButton.swift */; };
		13969B3A1EDDA1DB001145B1 /* SignInViewController.swift in Sources */ = {isa = PBXBuildFile; fileRef = 13969B391EDDA1DB001145B1 /* SignInViewController.swift */; };
		13969B3C1EDDB1F3001145B1 /* SignUpViewController.swift in Sources */ = {isa = PBXBuildFile; fileRef = 13969B3B1EDDB1F3001145B1 /* SignUpViewController.swift */; };
		13969B461EDEF041001145B1 /* RootCategoriesViewController.swift in Sources */ = {isa = PBXBuildFile; fileRef = 13969B451EDEF041001145B1 /* RootCategoriesViewController.swift */; };
		13E83F0A1E9A2479004B32CF /* QuantityStepper.swift in Sources */ = {isa = PBXBuildFile; fileRef = 13E83F091E9A2479004B32CF /* QuantityStepper.swift */; };
		13FEE9071EE0432C000DA99E /* RootCategoriesCollectionViewLayout.swift in Sources */ = {isa = PBXBuildFile; fileRef = 13FEE9061EE0432C000DA99E /* RootCategoriesCollectionViewLayout.swift */; };
		13FEE9091EE06465000DA99E /* RootCategoriesCollectionViewCell.swift in Sources */ = {isa = PBXBuildFile; fileRef = 13FEE9081EE06465000DA99E /* RootCategoriesCollectionViewCell.swift */; };
		B908F8781EB9FF930002C319 /* MainMenuViewController.swift in Sources */ = {isa = PBXBuildFile; fileRef = B908F8771EB9FF930002C319 /* MainMenuViewController.swift */; };
		B91657701EFA82AD00F35DE3 /* OrdersViewController.swift in Sources */ = {isa = PBXBuildFile; fileRef = B916576F1EFA82AD00F35DE3 /* OrdersViewController.swift */; };
		B91657751F0E666400F35DE3 /* SelectableViewController.swift in Sources */ = {isa = PBXBuildFile; fileRef = B91657741F0E666400F35DE3 /* SelectableViewController.swift */; };
		B93FD6251F0E849D00D94EB1 /* SelectableDetailViewItemCell.xib in Resources */ = {isa = PBXBuildFile; fileRef = B93FD6241F0E849D00D94EB1 /* SelectableDetailViewItemCell.xib */; };
		B93FD6271F0E84CD00D94EB1 /* SelectableDetailViewItemCell.swift in Sources */ = {isa = PBXBuildFile; fileRef = B93FD6261F0E84CD00D94EB1 /* SelectableDetailViewItemCell.swift */; };
		B93FD6361F14BC3400D94EB1 /* ItemCD+CoreDataProperties.swift in Sources */ = {isa = PBXBuildFile; fileRef = B93FD6341F14BC3400D94EB1 /* ItemCD+CoreDataProperties.swift */; };
		B93FD6371F14BC3400D94EB1 /* CategoryCD+CoreDataProperties.swift in Sources */ = {isa = PBXBuildFile; fileRef = B93FD6351F14BC3400D94EB1 /* CategoryCD+CoreDataProperties.swift */; };
		B94682031E97F091002B83F6 /* ItemDetailsViewController.swift in Sources */ = {isa = PBXBuildFile; fileRef = B94682021E97F091002B83F6 /* ItemDetailsViewController.swift */; };
		B94AACC61E9E2C91005328D0 /* shoppingCartViewController.swift in Sources */ = {isa = PBXBuildFile; fileRef = B94AACC51E9E2C91005328D0 /* shoppingCartViewController.swift */; };
		B94AACC81E9E4A88005328D0 /* OrdersModel.swift in Sources */ = {isa = PBXBuildFile; fileRef = B94AACC71E9E4A88005328D0 /* OrdersModel.swift */; };
		B94AACCE1EA0BA70005328D0 /* Pods_OrderUs.framework in Embed Frameworks */ = {isa = PBXBuildFile; fileRef = 5D766159F5A336ED0D480271 /* Pods_OrderUs.framework */; settings = {ATTRIBUTES = (CodeSignOnCopy, RemoveHeadersOnCopy, ); }; };
		B95965101E606C4600C196E1 /* AppDelegate.swift in Sources */ = {isa = PBXBuildFile; fileRef = B959650F1E606C4600C196E1 /* AppDelegate.swift */; };
		B95965121E606C4600C196E1 /* SignInRootViewController.swift in Sources */ = {isa = PBXBuildFile; fileRef = B95965111E606C4600C196E1 /* SignInRootViewController.swift */; };
		B95965151E606C4600C196E1 /* Main.storyboard in Resources */ = {isa = PBXBuildFile; fileRef = B95965131E606C4600C196E1 /* Main.storyboard */; };
		B95965171E606C4600C196E1 /* Assets.xcassets in Resources */ = {isa = PBXBuildFile; fileRef = B95965161E606C4600C196E1 /* Assets.xcassets */; };
		B959651A1E606C4600C196E1 /* LaunchScreen.storyboard in Resources */ = {isa = PBXBuildFile; fileRef = B95965181E606C4600C196E1 /* LaunchScreen.storyboard */; };
		B972566D1EA75A7300D9DE9E /* ServerCommunicator.swift in Sources */ = {isa = PBXBuildFile; fileRef = B972566C1EA75A7300D9DE9E /* ServerCommunicator.swift */; };
		B993256B1EF3CA9B00D068A9 /* Category.swift in Sources */ = {isa = PBXBuildFile; fileRef = B993256A1EF3CA9B00D068A9 /* Category.swift */; };
		B993256D1EF3CABD00D068A9 /* Selectable.swift in Sources */ = {isa = PBXBuildFile; fileRef = B993256C1EF3CABD00D068A9 /* Selectable.swift */; };
		B99325701EF3CB1600D068A9 /* Item.swift in Sources */ = {isa = PBXBuildFile; fileRef = B993256F1EF3CB1600D068A9 /* Item.swift */; };
		B99325721EF3F3EF00D068A9 /* Order.swift in Sources */ = {isa = PBXBuildFile; fileRef = B99325711EF3F3EF00D068A9 /* Order.swift */; };
		B99325751EF7CE8900D068A9 /* SearchResultsTableViewCell.swift in Sources */ = {isa = PBXBuildFile; fileRef = B99325741EF7CE8900D068A9 /* SearchResultsTableViewCell.swift */; };
		B99325771EF7CF3A00D068A9 /* ResultPathCollectionViewCell.swift in Sources */ = {isa = PBXBuildFile; fileRef = B99325761EF7CF3A00D068A9 /* ResultPathCollectionViewCell.swift */; };
		B99325791EFA781300D068A9 /* OrderExtension.swift in Sources */ = {isa = PBXBuildFile; fileRef = B99325781EFA781300D068A9 /* OrderExtension.swift */; };
		B99B69E11EA100070002A354 /* OrderOptionsTableViewController.swift in Sources */ = {isa = PBXBuildFile; fileRef = B99B69E01EA100070002A354 /* OrderOptionsTableViewController.swift */; };
		B9CE10FB1EB37BA600C8C29C /* SearchResultsTableViewController.swift in Sources */ = {isa = PBXBuildFile; fileRef = B9CE10FA1EB37BA600C8C29C /* SearchResultsTableViewController.swift */; };
		B9CE10FD1EB9C42400C8C29C /* Goals.txt in Resources */ = {isa = PBXBuildFile; fileRef = B9CE10FC1EB9C42400C8C29C /* Goals.txt */; };
		DAC9866CA0D56B406FCC6D19 /* Pods_OrderUs.framework in Frameworks */ = {isa = PBXBuildFile; fileRef = 5D766159F5A336ED0D480271 /* Pods_OrderUs.framework */; };
/* End PBXBuildFile section */

/* Begin PBXCopyFilesBuildPhase section */
		B94AACCF1EA0BA70005328D0 /* Embed Frameworks */ = {
			isa = PBXCopyFilesBuildPhase;
			buildActionMask = 2147483647;
			dstPath = "";
			dstSubfolderSpec = 10;
			files = (
				B94AACCE1EA0BA70005328D0 /* Pods_OrderUs.framework in Embed Frameworks */,
			);
			name = "Embed Frameworks";
			runOnlyForDeploymentPostprocessing = 0;
		};
/* End PBXCopyFilesBuildPhase section */

/* Begin PBXFileReference section */
		13016E251EF8A1F000C83DE5 /* OrderedItemTableViewCell.swift */ = {isa = PBXFileReference; fileEncoding = 4; lastKnownFileType = sourcecode.swift; path = OrderedItemTableViewCell.swift; sourceTree = "<group>"; };
		13451C601EFF36DE009CCC86 /* SearchHeaderView.xib */ = {isa = PBXFileReference; fileEncoding = 4; lastKnownFileType = file.xib; path = SearchHeaderView.xib; sourceTree = "<group>"; };
		13451C621EFF3726009CCC86 /* SearchHeaderView.swift */ = {isa = PBXFileReference; fileEncoding = 4; lastKnownFileType = sourcecode.swift; path = SearchHeaderView.swift; sourceTree = "<group>"; };
		13451C671EFF4FF7009CCC86 /* SelectableMasterViewCell.xib */ = {isa = PBXFileReference; fileEncoding = 4; lastKnownFileType = file.xib; path = SelectableMasterViewCell.xib; sourceTree = "<group>"; };
		13451C691EFF500E009CCC86 /* SelectableDetailViewCategoryCell.xib */ = {isa = PBXFileReference; fileEncoding = 4; lastKnownFileType = file.xib; path = SelectableDetailViewCategoryCell.xib; sourceTree = "<group>"; };
		13451C6B1EFF503D009CCC86 /* SelectableMasterViewCell.swift */ = {isa = PBXFileReference; fileEncoding = 4; lastKnownFileType = sourcecode.swift; path = SelectableMasterViewCell.swift; sourceTree = "<group>"; };
		13451C6D1EFF506A009CCC86 /* SelectableDetailViewCategoryCell.swift */ = {isa = PBXFileReference; fileEncoding = 4; lastKnownFileType = sourcecode.swift; path = SelectableDetailViewCategoryCell.swift; sourceTree = "<group>"; };
		135036D41EAE5E3B003B7745 /* PlaceOrderViewController.swift */ = {isa = PBXFileReference; fileEncoding = 4; lastKnownFileType = sourcecode.swift; path = PlaceOrderViewController.swift; sourceTree = "<group>"; };
		13573CB11EC11C91003A396A /* Model.xcdatamodel */ = {isa = PBXFileReference; lastKnownFileType = wrapper.xcdatamodel; path = Model.xcdatamodel; sourceTree = "<group>"; };
		13573CBE1EC12FB0003A396A /* ItemCD+CoreDataClass.swift */ = {isa = PBXFileReference; fileEncoding = 4; lastKnownFileType = sourcecode.swift; path = "ItemCD+CoreDataClass.swift"; sourceTree = "<group>"; };
		13573CC01EC12FB0003A396A /* CategoryCD+CoreDataClass.swift */ = {isa = PBXFileReference; fileEncoding = 4; lastKnownFileType = sourcecode.swift; path = "CategoryCD+CoreDataClass.swift"; sourceTree = "<group>"; };
		1372B3BB1EBA5AA50042B0F2 /* GoogleService-Info.plist */ = {isa = PBXFileReference; fileEncoding = 4; lastKnownFileType = text.plist.xml; path = "GoogleService-Info.plist"; sourceTree = "<group>"; };
		1372B3BD1EBA5F2B0042B0F2 /* SignInModel.swift */ = {isa = PBXFileReference; fileEncoding = 4; lastKnownFileType = sourcecode.swift; path = SignInModel.swift; sourceTree = "<group>"; };
		138983771EE4F8DE003FD12A /* SWRevealViewController.h */ = {isa = PBXFileReference; fileEncoding = 4; lastKnownFileType = sourcecode.c.h; path = SWRevealViewController.h; sourceTree = "<group>"; };
		138983781EE4F8DE003FD12A /* SWRevealViewController.m */ = {isa = PBXFileReference; fileEncoding = 4; lastKnownFileType = sourcecode.c.objc; path = SWRevealViewController.m; sourceTree = "<group>"; };
		1389837B1EE4FBF4003FD12A /* OrderUs-Bridging-Header.h */ = {isa = PBXFileReference; lastKnownFileType = sourcecode.c.h; path = "OrderUs-Bridging-Header.h"; sourceTree = "<group>"; };
		1389837C1EE59322003FD12A /* SideMenuTableViewController.swift */ = {isa = PBXFileReference; fileEncoding = 4; lastKnownFileType = sourcecode.swift; path = SideMenuTableViewController.swift; sourceTree = "<group>"; };
		138CD9C31E7C3283004C5EC4 /* DataManager.swift */ = {isa = PBXFileReference; fileEncoding = 4; lastKnownFileType = sourcecode.swift; lineEnding = 0; path = DataManager.swift; sourceTree = "<group>"; xcLanguageSpecificationIdentifier = xcode.lang.swift; };
		13969B2D1EDBC53C001145B1 /* OrderDetailViewController.swift */ = {isa = PBXFileReference; fileEncoding = 4; lastKnownFileType = sourcecode.swift; path = OrderDetailViewController.swift; sourceTree = "<group>"; };
		13969B341EDCEAF6001145B1 /* FacebookCustomLoginButton.swift */ = {isa = PBXFileReference; fileEncoding = 4; lastKnownFileType = sourcecode.swift; path = FacebookCustomLoginButton.swift; sourceTree = "<group>"; };
		13969B361EDCF21A001145B1 /* OrderUs.entitlements */ = {isa = PBXFileReference; lastKnownFileType = text.plist.entitlements; path = OrderUs.entitlements; sourceTree = "<group>"; };
		13969B391EDDA1DB001145B1 /* SignInViewController.swift */ = {isa = PBXFileReference; fileEncoding = 4; lastKnownFileType = sourcecode.swift; path = SignInViewController.swift; sourceTree = "<group>"; };
		13969B3B1EDDB1F3001145B1 /* SignUpViewController.swift */ = {isa = PBXFileReference; fileEncoding = 4; lastKnownFileType = sourcecode.swift; path = SignUpViewController.swift; sourceTree = "<group>"; };
		13969B451EDEF041001145B1 /* RootCategoriesViewController.swift */ = {isa = PBXFileReference; fileEncoding = 4; lastKnownFileType = sourcecode.swift; path = RootCategoriesViewController.swift; sourceTree = "<group>"; };
		13E83F091E9A2479004B32CF /* QuantityStepper.swift */ = {isa = PBXFileReference; fileEncoding = 4; lastKnownFileType = sourcecode.swift; path = QuantityStepper.swift; sourceTree = "<group>"; };
		13FEE9061EE0432C000DA99E /* RootCategoriesCollectionViewLayout.swift */ = {isa = PBXFileReference; fileEncoding = 4; lastKnownFileType = sourcecode.swift; path = RootCategoriesCollectionViewLayout.swift; sourceTree = "<group>"; };
		13FEE9081EE06465000DA99E /* RootCategoriesCollectionViewCell.swift */ = {isa = PBXFileReference; fileEncoding = 4; lastKnownFileType = sourcecode.swift; path = RootCategoriesCollectionViewCell.swift; sourceTree = "<group>"; };
		5D766159F5A336ED0D480271 /* Pods_OrderUs.framework */ = {isa = PBXFileReference; explicitFileType = wrapper.framework; includeInIndex = 0; path = Pods_OrderUs.framework; sourceTree = BUILT_PRODUCTS_DIR; };
		9D681797CAD195E9CAAA9642 /* Pods-OrderUs.debug.xcconfig */ = {isa = PBXFileReference; includeInIndex = 1; lastKnownFileType = text.xcconfig; name = "Pods-OrderUs.debug.xcconfig"; path = "Pods/Target Support Files/Pods-OrderUs/Pods-OrderUs.debug.xcconfig"; sourceTree = "<group>"; };
		AE73323074D86D0D740746B9 /* Pods-OrderUs.release.xcconfig */ = {isa = PBXFileReference; includeInIndex = 1; lastKnownFileType = text.xcconfig; name = "Pods-OrderUs.release.xcconfig"; path = "Pods/Target Support Files/Pods-OrderUs/Pods-OrderUs.release.xcconfig"; sourceTree = "<group>"; };
		B908F8771EB9FF930002C319 /* MainMenuViewController.swift */ = {isa = PBXFileReference; fileEncoding = 4; lastKnownFileType = sourcecode.swift; path = MainMenuViewController.swift; sourceTree = "<group>"; };
		B916576F1EFA82AD00F35DE3 /* OrdersViewController.swift */ = {isa = PBXFileReference; fileEncoding = 4; lastKnownFileType = sourcecode.swift; path = OrdersViewController.swift; sourceTree = "<group>"; };
		B91657741F0E666400F35DE3 /* SelectableViewController.swift */ = {isa = PBXFileReference; fileEncoding = 4; lastKnownFileType = sourcecode.swift; path = SelectableViewController.swift; sourceTree = "<group>"; };
		B93FD6241F0E849D00D94EB1 /* SelectableDetailViewItemCell.xib */ = {isa = PBXFileReference; fileEncoding = 4; lastKnownFileType = file.xib; path = SelectableDetailViewItemCell.xib; sourceTree = "<group>"; };
		B93FD6261F0E84CD00D94EB1 /* SelectableDetailViewItemCell.swift */ = {isa = PBXFileReference; fileEncoding = 4; lastKnownFileType = sourcecode.swift; path = SelectableDetailViewItemCell.swift; sourceTree = "<group>"; };
		B93FD6341F14BC3400D94EB1 /* ItemCD+CoreDataProperties.swift */ = {isa = PBXFileReference; fileEncoding = 4; lastKnownFileType = sourcecode.swift; path = "ItemCD+CoreDataProperties.swift"; sourceTree = "<group>"; };
		B93FD6351F14BC3400D94EB1 /* CategoryCD+CoreDataProperties.swift */ = {isa = PBXFileReference; fileEncoding = 4; lastKnownFileType = sourcecode.swift; path = "CategoryCD+CoreDataProperties.swift"; sourceTree = "<group>"; };
		B94682021E97F091002B83F6 /* ItemDetailsViewController.swift */ = {isa = PBXFileReference; fileEncoding = 4; lastKnownFileType = sourcecode.swift; lineEnding = 0; path = ItemDetailsViewController.swift; sourceTree = "<group>"; xcLanguageSpecificationIdentifier = xcode.lang.swift; };
		B94AACC51E9E2C91005328D0 /* shoppingCartViewController.swift */ = {isa = PBXFileReference; fileEncoding = 4; lastKnownFileType = sourcecode.swift; lineEnding = 0; path = shoppingCartViewController.swift; sourceTree = "<group>"; xcLanguageSpecificationIdentifier = xcode.lang.swift; };
		B94AACC71E9E4A88005328D0 /* OrdersModel.swift */ = {isa = PBXFileReference; fileEncoding = 4; lastKnownFileType = sourcecode.swift; path = OrdersModel.swift; sourceTree = "<group>"; };
		B959650C1E606C4600C196E1 /* OrderUs.app */ = {isa = PBXFileReference; explicitFileType = wrapper.application; includeInIndex = 0; path = OrderUs.app; sourceTree = BUILT_PRODUCTS_DIR; };
		B959650F1E606C4600C196E1 /* AppDelegate.swift */ = {isa = PBXFileReference; lastKnownFileType = sourcecode.swift; path = AppDelegate.swift; sourceTree = "<group>"; };
		B95965111E606C4600C196E1 /* SignInRootViewController.swift */ = {isa = PBXFileReference; lastKnownFileType = sourcecode.swift; path = SignInRootViewController.swift; sourceTree = "<group>"; };
		B95965141E606C4600C196E1 /* Base */ = {isa = PBXFileReference; lastKnownFileType = file.storyboard; name = Base; path = Base.lproj/Main.storyboard; sourceTree = "<group>"; };
		B95965161E606C4600C196E1 /* Assets.xcassets */ = {isa = PBXFileReference; lastKnownFileType = folder.assetcatalog; path = Assets.xcassets; sourceTree = "<group>"; };
		B95965191E606C4600C196E1 /* Base */ = {isa = PBXFileReference; lastKnownFileType = file.storyboard; name = Base; path = Base.lproj/LaunchScreen.storyboard; sourceTree = "<group>"; };
		B959651B1E606C4600C196E1 /* Info.plist */ = {isa = PBXFileReference; lastKnownFileType = text.plist.xml; path = Info.plist; sourceTree = "<group>"; };
		B972566C1EA75A7300D9DE9E /* ServerCommunicator.swift */ = {isa = PBXFileReference; fileEncoding = 4; lastKnownFileType = sourcecode.swift; lineEnding = 0; path = ServerCommunicator.swift; sourceTree = "<group>"; xcLanguageSpecificationIdentifier = xcode.lang.swift; };
		B993256A1EF3CA9B00D068A9 /* Category.swift */ = {isa = PBXFileReference; fileEncoding = 4; lastKnownFileType = sourcecode.swift; path = Category.swift; sourceTree = "<group>"; };
		B993256C1EF3CABD00D068A9 /* Selectable.swift */ = {isa = PBXFileReference; fileEncoding = 4; lastKnownFileType = sourcecode.swift; path = Selectable.swift; sourceTree = "<group>"; };
		B993256F1EF3CB1600D068A9 /* Item.swift */ = {isa = PBXFileReference; fileEncoding = 4; lastKnownFileType = sourcecode.swift; path = Item.swift; sourceTree = "<group>"; };
		B99325711EF3F3EF00D068A9 /* Order.swift */ = {isa = PBXFileReference; fileEncoding = 4; lastKnownFileType = sourcecode.swift; path = Order.swift; sourceTree = "<group>"; };
		B99325741EF7CE8900D068A9 /* SearchResultsTableViewCell.swift */ = {isa = PBXFileReference; fileEncoding = 4; lastKnownFileType = sourcecode.swift; path = SearchResultsTableViewCell.swift; sourceTree = "<group>"; };
		B99325761EF7CF3A00D068A9 /* ResultPathCollectionViewCell.swift */ = {isa = PBXFileReference; fileEncoding = 4; lastKnownFileType = sourcecode.swift; path = ResultPathCollectionViewCell.swift; sourceTree = "<group>"; };
		B99325781EFA781300D068A9 /* OrderExtension.swift */ = {isa = PBXFileReference; fileEncoding = 4; lastKnownFileType = sourcecode.swift; path = OrderExtension.swift; sourceTree = "<group>"; };
		B99B69E01EA100070002A354 /* OrderOptionsTableViewController.swift */ = {isa = PBXFileReference; fileEncoding = 4; lastKnownFileType = sourcecode.swift; lineEnding = 0; path = OrderOptionsTableViewController.swift; sourceTree = "<group>"; xcLanguageSpecificationIdentifier = xcode.lang.swift; };
		B9CE10FA1EB37BA600C8C29C /* SearchResultsTableViewController.swift */ = {isa = PBXFileReference; fileEncoding = 4; lastKnownFileType = sourcecode.swift; path = SearchResultsTableViewController.swift; sourceTree = "<group>"; };
		B9CE10FC1EB9C42400C8C29C /* Goals.txt */ = {isa = PBXFileReference; fileEncoding = 4; lastKnownFileType = text; path = Goals.txt; sourceTree = "<group>"; };
/* End PBXFileReference section */

/* Begin PBXFrameworksBuildPhase section */
		B95965091E606C4600C196E1 /* Frameworks */ = {
			isa = PBXFrameworksBuildPhase;
			buildActionMask = 2147483647;
			files = (
				DAC9866CA0D56B406FCC6D19 /* Pods_OrderUs.framework in Frameworks */,
			);
			runOnlyForDeploymentPostprocessing = 0;
		};
/* End PBXFrameworksBuildPhase section */

/* Begin PBXGroup section */
		135036D61EAE5E7D003B7745 /* Shopping Cart */ = {
			isa = PBXGroup;
			children = (
				135036D41EAE5E3B003B7745 /* PlaceOrderViewController.swift */,
				B94AACC51E9E2C91005328D0 /* shoppingCartViewController.swift */,
				B99B69E01EA100070002A354 /* OrderOptionsTableViewController.swift */,
			);
			name = "Shopping Cart";
			sourceTree = "<group>";
		};
		135036D71EAE6DDB003B7745 /* Shopping Menu */ = {
			isa = PBXGroup;
			children = (
				B993256C1EF3CABD00D068A9 /* Selectable.swift */,
				13E83F091E9A2479004B32CF /* QuantityStepper.swift */,
				B99325731EF7CE5200D068A9 /* Search */,
				B993256E1EF3CAF600D068A9 /* Items */,
				B99325691EF3CA7C00D068A9 /* Categories */,
			);
			name = "Shopping Menu";
			sourceTree = "<group>";
		};
		13573CBD1EC12DDD003A396A /* Core Data */ = {
			isa = PBXGroup;
			children = (
				13573CB01EC11C91003A396A /* Model.xcdatamodeld */,
				B93FD6341F14BC3400D94EB1 /* ItemCD+CoreDataProperties.swift */,
				B93FD6351F14BC3400D94EB1 /* CategoryCD+CoreDataProperties.swift */,
				13573CBE1EC12FB0003A396A /* ItemCD+CoreDataClass.swift */,
				13573CC01EC12FB0003A396A /* CategoryCD+CoreDataClass.swift */,
			);
			name = "Core Data";
			sourceTree = "<group>";
		};
		1372B3BF1EBA5F360042B0F2 /* Sign In */ = {
			isa = PBXGroup;
			children = (
				B95965111E606C4600C196E1 /* SignInRootViewController.swift */,
				13969B391EDDA1DB001145B1 /* SignInViewController.swift */,
				13969B3B1EDDB1F3001145B1 /* SignUpViewController.swift */,
				13969B341EDCEAF6001145B1 /* FacebookCustomLoginButton.swift */,
				1372B3BD1EBA5F2B0042B0F2 /* SignInModel.swift */,
			);
			name = "Sign In";
			sourceTree = "<group>";
		};
		1389837A1EE4F909003FD12A /* SWRevealViewController */ = {
			isa = PBXGroup;
			children = (
				138983771EE4F8DE003FD12A /* SWRevealViewController.h */,
				138983781EE4F8DE003FD12A /* SWRevealViewController.m */,
			);
			name = SWRevealViewController;
			sourceTree = "<group>";
		};
		138CD9C21E7C2C91004C5EC4 /* Supporting Files */ = {
			isa = PBXGroup;
			children = (
				1389837A1EE4F909003FD12A /* SWRevealViewController */,
				B959651B1E606C4600C196E1 /* Info.plist */,
				1372B3BB1EBA5AA50042B0F2 /* GoogleService-Info.plist */,
				B959650F1E606C4600C196E1 /* AppDelegate.swift */,
				B95965161E606C4600C196E1 /* Assets.xcassets */,
				B95965181E606C4600C196E1 /* LaunchScreen.storyboard */,
				1389837B1EE4FBF4003FD12A /* OrderUs-Bridging-Header.h */,
			);
			name = "Supporting Files";
			sourceTree = "<group>";
		};
		13A34A531EC3616300720285 /* Orders */ = {
			isa = PBXGroup;
			children = (
				B993257A1EFA783600D068A9 /* Order */,
				B94AACC71E9E4A88005328D0 /* OrdersModel.swift */,
				B916576F1EFA82AD00F35DE3 /* OrdersViewController.swift */,
				13969B2D1EDBC53C001145B1 /* OrderDetailViewController.swift */,
				13016E251EF8A1F000C83DE5 /* OrderedItemTableViewCell.swift */,
				135036D61EAE5E7D003B7745 /* Shopping Cart */,
			);
			name = Orders;
			sourceTree = "<group>";
		};
		13FEE90A1EE06777000DA99E /* RootCategories */ = {
			isa = PBXGroup;
			children = (
				13969B451EDEF041001145B1 /* RootCategoriesViewController.swift */,
				13FEE9081EE06465000DA99E /* RootCategoriesCollectionViewCell.swift */,
				13FEE9061EE0432C000DA99E /* RootCategoriesCollectionViewLayout.swift */,
			);
			name = RootCategories;
			sourceTree = "<group>";
		};
		3C9917E60042D19C36D4A487 /* Frameworks */ = {
			isa = PBXGroup;
			children = (
				5D766159F5A336ED0D480271 /* Pods_OrderUs.framework */,
			);
			name = Frameworks;
			sourceTree = "<group>";
		};
		B91657731F0E661E00F35DE3 /* SelectableView */ = {
			isa = PBXGroup;
			children = (
				B91657741F0E666400F35DE3 /* SelectableViewController.swift */,
				13451C671EFF4FF7009CCC86 /* SelectableMasterViewCell.xib */,
				13451C6B1EFF503D009CCC86 /* SelectableMasterViewCell.swift */,
				13451C691EFF500E009CCC86 /* SelectableDetailViewCategoryCell.xib */,
				13451C6D1EFF506A009CCC86 /* SelectableDetailViewCategoryCell.swift */,
				B93FD6241F0E849D00D94EB1 /* SelectableDetailViewItemCell.xib */,
				B93FD6261F0E84CD00D94EB1 /* SelectableDetailViewItemCell.swift */,
			);
			name = SelectableView;
			sourceTree = "<group>";
		};
		B95965031E606C4600C196E1 = {
			isa = PBXGroup;
			children = (
				B959650E1E606C4600C196E1 /* OrderUs */,
				B959650D1E606C4600C196E1 /* Products */,
				C79133BA92A72BB3A2C98CFA /* Pods */,
				3C9917E60042D19C36D4A487 /* Frameworks */,
			);
			sourceTree = "<group>";
		};
		B959650D1E606C4600C196E1 /* Products */ = {
			isa = PBXGroup;
			children = (
				B959650C1E606C4600C196E1 /* OrderUs.app */,
			);
			name = Products;
			sourceTree = "<group>";
		};
		B959650E1E606C4600C196E1 /* OrderUs */ = {
			isa = PBXGroup;
			children = (
				13969B361EDCF21A001145B1 /* OrderUs.entitlements */,
				B95965131E606C4600C196E1 /* Main.storyboard */,
				138CD9C31E7C3283004C5EC4 /* DataManager.swift */,
				B972566C1EA75A7300D9DE9E /* ServerCommunicator.swift */,
				B908F8771EB9FF930002C319 /* MainMenuViewController.swift */,
				1389837C1EE59322003FD12A /* SideMenuTableViewController.swift */,
				1372B3BF1EBA5F360042B0F2 /* Sign In */,
				135036D71EAE6DDB003B7745 /* Shopping Menu */,
				13A34A531EC3616300720285 /* Orders */,
				13573CBD1EC12DDD003A396A /* Core Data */,
				138CD9C21E7C2C91004C5EC4 /* Supporting Files */,
				B9CE10FC1EB9C42400C8C29C /* Goals.txt */,
			);
			path = OrderUs;
			sourceTree = "<group>";
		};
		B99325691EF3CA7C00D068A9 /* Categories */ = {
			isa = PBXGroup;
			children = (
				B993256A1EF3CA9B00D068A9 /* Category.swift */,
				13FEE90A1EE06777000DA99E /* RootCategories */,
				B91657731F0E661E00F35DE3 /* SelectableView */,
			);
			name = Categories;
			sourceTree = "<group>";
		};
		B993256E1EF3CAF600D068A9 /* Items */ = {
			isa = PBXGroup;
			children = (
				B993256F1EF3CB1600D068A9 /* Item.swift */,
				B94682021E97F091002B83F6 /* ItemDetailsViewController.swift */,
			);
			name = Items;
			sourceTree = "<group>";
		};
		B99325731EF7CE5200D068A9 /* Search */ = {
			isa = PBXGroup;
			children = (
				B9CE10FA1EB37BA600C8C29C /* SearchResultsTableViewController.swift */,
				B99325741EF7CE8900D068A9 /* SearchResultsTableViewCell.swift */,
				B99325761EF7CF3A00D068A9 /* ResultPathCollectionViewCell.swift */,
				13451C601EFF36DE009CCC86 /* SearchHeaderView.xib */,
				13451C621EFF3726009CCC86 /* SearchHeaderView.swift */,
			);
			name = Search;
			sourceTree = "<group>";
		};
		B993257A1EFA783600D068A9 /* Order */ = {
			isa = PBXGroup;
			children = (
				B99325711EF3F3EF00D068A9 /* Order.swift */,
				B99325781EFA781300D068A9 /* OrderExtension.swift */,
			);
			name = Order;
			sourceTree = "<group>";
		};
		C79133BA92A72BB3A2C98CFA /* Pods */ = {
			isa = PBXGroup;
			children = (
				9D681797CAD195E9CAAA9642 /* Pods-OrderUs.debug.xcconfig */,
				AE73323074D86D0D740746B9 /* Pods-OrderUs.release.xcconfig */,
			);
			name = Pods;
			sourceTree = "<group>";
		};
/* End PBXGroup section */

/* Begin PBXNativeTarget section */
		B959650B1E606C4600C196E1 /* OrderUs */ = {
			isa = PBXNativeTarget;
			buildConfigurationList = B959651E1E606C4600C196E1 /* Build configuration list for PBXNativeTarget "OrderUs" */;
			buildPhases = (
				912CC3309B4A2A0C215EECB3 /* [CP] Check Pods Manifest.lock */,
				B95965081E606C4600C196E1 /* Sources */,
				B95965091E606C4600C196E1 /* Frameworks */,
				B959650A1E606C4600C196E1 /* Resources */,
				21D8FDADC17074402E63E007 /* [CP] Embed Pods Frameworks */,
				1809C9F9B904AD52B4900457 /* [CP] Copy Pods Resources */,
				B94AACCF1EA0BA70005328D0 /* Embed Frameworks */,
			);
			buildRules = (
			);
			dependencies = (
			);
			name = OrderUs;
			productName = OrderUs;
			productReference = B959650C1E606C4600C196E1 /* OrderUs.app */;
			productType = "com.apple.product-type.application";
		};
/* End PBXNativeTarget section */

/* Begin PBXProject section */
		B95965041E606C4600C196E1 /* Project object */ = {
			isa = PBXProject;
			attributes = {
				LastSwiftUpdateCheck = 0820;
				LastUpgradeCheck = 0830;
				ORGANIZATIONNAME = PRO;
				TargetAttributes = {
					B959650B1E606C4600C196E1 = {
						CreatedOnToolsVersion = 8.2.1;
						DevelopmentTeam = 3F8V2776R5;
						LastSwiftMigration = 0830;
						ProvisioningStyle = Automatic;
						SystemCapabilities = {
							com.apple.Keychain = {
								enabled = 1;
							};
						};
					};
				};
			};
			buildConfigurationList = B95965071E606C4600C196E1 /* Build configuration list for PBXProject "OrderUs" */;
			compatibilityVersion = "Xcode 3.2";
			developmentRegion = English;
			hasScannedForEncodings = 0;
			knownRegions = (
				en,
				Base,
			);
			mainGroup = B95965031E606C4600C196E1;
			productRefGroup = B959650D1E606C4600C196E1 /* Products */;
			projectDirPath = "";
			projectRoot = "";
			targets = (
				B959650B1E606C4600C196E1 /* OrderUs */,
			);
		};
/* End PBXProject section */

/* Begin PBXResourcesBuildPhase section */
		B959650A1E606C4600C196E1 /* Resources */ = {
			isa = PBXResourcesBuildPhase;
			buildActionMask = 2147483647;
			files = (
				B959651A1E606C4600C196E1 /* LaunchScreen.storyboard in Resources */,
				B9CE10FD1EB9C42400C8C29C /* Goals.txt in Resources */,
				1372B3BC1EBA5AA50042B0F2 /* GoogleService-Info.plist in Resources */,
				B95965171E606C4600C196E1 /* Assets.xcassets in Resources */,
				13451C611EFF36DE009CCC86 /* SearchHeaderView.xib in Resources */,
				B93FD6251F0E849D00D94EB1 /* SelectableDetailViewItemCell.xib in Resources */,
				13451C681EFF4FF7009CCC86 /* SelectableMasterViewCell.xib in Resources */,
				13451C6A1EFF500E009CCC86 /* SelectableDetailViewCategoryCell.xib in Resources */,
				B95965151E606C4600C196E1 /* Main.storyboard in Resources */,
			);
			runOnlyForDeploymentPostprocessing = 0;
		};
/* End PBXResourcesBuildPhase section */

/* Begin PBXShellScriptBuildPhase section */
		1809C9F9B904AD52B4900457 /* [CP] Copy Pods Resources */ = {
			isa = PBXShellScriptBuildPhase;
			buildActionMask = 2147483647;
			files = (
			);
			inputPaths = (
			);
			name = "[CP] Copy Pods Resources";
			outputPaths = (
			);
			runOnlyForDeploymentPostprocessing = 0;
			shellPath = /bin/sh;
			shellScript = "\"${SRCROOT}/Pods/Target Support Files/Pods-OrderUs/Pods-OrderUs-resources.sh\"\n";
			showEnvVarsInLog = 0;
		};
		21D8FDADC17074402E63E007 /* [CP] Embed Pods Frameworks */ = {
			isa = PBXShellScriptBuildPhase;
			buildActionMask = 2147483647;
			files = (
			);
			inputPaths = (
			);
			name = "[CP] Embed Pods Frameworks";
			outputPaths = (
			);
			runOnlyForDeploymentPostprocessing = 0;
			shellPath = /bin/sh;
			shellScript = "\"${SRCROOT}/Pods/Target Support Files/Pods-OrderUs/Pods-OrderUs-frameworks.sh\"\n";
			showEnvVarsInLog = 0;
		};
		912CC3309B4A2A0C215EECB3 /* [CP] Check Pods Manifest.lock */ = {
			isa = PBXShellScriptBuildPhase;
			buildActionMask = 2147483647;
			files = (
			);
			inputPaths = (
			);
			name = "[CP] Check Pods Manifest.lock";
			outputPaths = (
			);
			runOnlyForDeploymentPostprocessing = 0;
			shellPath = /bin/sh;
			shellScript = "diff \"${PODS_PODFILE_DIR_PATH}/Podfile.lock\" \"${PODS_ROOT}/Manifest.lock\" > /dev/null\nif [ $? != 0 ] ; then\n    # print error to STDERR\n    echo \"error: The sandbox is not in sync with the Podfile.lock. Run 'pod install' or update your CocoaPods installation.\" >&2\n    exit 1\nfi\n";
			showEnvVarsInLog = 0;
		};
/* End PBXShellScriptBuildPhase section */

/* Begin PBXSourcesBuildPhase section */
		B95965081E606C4600C196E1 /* Sources */ = {
			isa = PBXSourcesBuildPhase;
			buildActionMask = 2147483647;
			files = (
				13E83F0A1E9A2479004B32CF /* QuantityStepper.swift in Sources */,
				B99325701EF3CB1600D068A9 /* Item.swift in Sources */,
				13451C6E1EFF506A009CCC86 /* SelectableDetailViewCategoryCell.swift in Sources */,
				B99B69E11EA100070002A354 /* OrderOptionsTableViewController.swift in Sources */,
				B972566D1EA75A7300D9DE9E /* ServerCommunicator.swift in Sources */,
				13969B3C1EDDB1F3001145B1 /* SignUpViewController.swift in Sources */,
				B993256B1EF3CA9B00D068A9 /* Category.swift in Sources */,
				B99325771EF7CF3A00D068A9 /* ResultPathCollectionViewCell.swift in Sources */,
				B93FD6371F14BC3400D94EB1 /* CategoryCD+CoreDataProperties.swift in Sources */,
				13969B2E1EDBC53C001145B1 /* OrderDetailViewController.swift in Sources */,
				13969B351EDCEAF6001145B1 /* FacebookCustomLoginButton.swift in Sources */,
				138983791EE4F8DE003FD12A /* SWRevealViewController.m in Sources */,
				13FEE9091EE06465000DA99E /* RootCategoriesCollectionViewCell.swift in Sources */,
				B94AACC61E9E2C91005328D0 /* shoppingCartViewController.swift in Sources */,
				B93FD6271F0E84CD00D94EB1 /* SelectableDetailViewItemCell.swift in Sources */,
				13451C6C1EFF503D009CCC86 /* SelectableMasterViewCell.swift in Sources */,
				B908F8781EB9FF930002C319 /* MainMenuViewController.swift in Sources */,
				B94AACC81E9E4A88005328D0 /* OrdersModel.swift in Sources */,
				13FEE9071EE0432C000DA99E /* RootCategoriesCollectionViewLayout.swift in Sources */,
				B9CE10FB1EB37BA600C8C29C /* SearchResultsTableViewController.swift in Sources */,
				13969B461EDEF041001145B1 /* RootCategoriesViewController.swift in Sources */,
				135036D51EAE5E3B003B7745 /* PlaceOrderViewController.swift in Sources */,
				B99325721EF3F3EF00D068A9 /* Order.swift in Sources */,
				B99325751EF7CE8900D068A9 /* SearchResultsTableViewCell.swift in Sources */,
				B95965121E606C4600C196E1 /* SignInRootViewController.swift in Sources */,
				1389837D1EE59322003FD12A /* SideMenuTableViewController.swift in Sources */,
				B91657751F0E666400F35DE3 /* SelectableViewController.swift in Sources */,
				B94682031E97F091002B83F6 /* ItemDetailsViewController.swift in Sources */,
				13573CB21EC11C91003A396A /* Model.xcdatamodeld in Sources */,
				138CD9C41E7C3283004C5EC4 /* DataManager.swift in Sources */,
				B91657701EFA82AD00F35DE3 /* OrdersViewController.swift in Sources */,
				B993256D1EF3CABD00D068A9 /* Selectable.swift in Sources */,
				B95965101E606C4600C196E1 /* AppDelegate.swift in Sources */,
				13573CC41EC12FB0003A396A /* CategoryCD+CoreDataClass.swift in Sources */,
				13016E261EF8A1F000C83DE5 /* OrderedItemTableViewCell.swift in Sources */,
				13969B3A1EDDA1DB001145B1 /* SignInViewController.swift in Sources */,
				B93FD6361F14BC3400D94EB1 /* ItemCD+CoreDataProperties.swift in Sources */,
				1372B3BE1EBA5F2B0042B0F2 /* SignInModel.swift in Sources */,
				13451C631EFF3726009CCC86 /* SearchHeaderView.swift in Sources */,
				B99325791EFA781300D068A9 /* OrderExtension.swift in Sources */,
				13573CC21EC12FB0003A396A /* ItemCD+CoreDataClass.swift in Sources */,
			);
			runOnlyForDeploymentPostprocessing = 0;
		};
/* End PBXSourcesBuildPhase section */

/* Begin PBXVariantGroup section */
		B95965131E606C4600C196E1 /* Main.storyboard */ = {
			isa = PBXVariantGroup;
			children = (
				B95965141E606C4600C196E1 /* Base */,
			);
			name = Main.storyboard;
			sourceTree = "<group>";
		};
		B95965181E606C4600C196E1 /* LaunchScreen.storyboard */ = {
			isa = PBXVariantGroup;
			children = (
				B95965191E606C4600C196E1 /* Base */,
			);
			name = LaunchScreen.storyboard;
			sourceTree = "<group>";
		};
/* End PBXVariantGroup section */

/* Begin XCBuildConfiguration section */
		B959651C1E606C4600C196E1 /* Debug */ = {
			isa = XCBuildConfiguration;
			buildSettings = {
				ALWAYS_SEARCH_USER_PATHS = NO;
				CLANG_ANALYZER_NONNULL = YES;
				CLANG_CXX_LANGUAGE_STANDARD = "gnu++0x";
				CLANG_CXX_LIBRARY = "libc++";
				CLANG_ENABLE_MODULES = YES;
				CLANG_ENABLE_OBJC_ARC = YES;
				CLANG_WARN_BOOL_CONVERSION = YES;
				CLANG_WARN_CONSTANT_CONVERSION = YES;
				CLANG_WARN_DIRECT_OBJC_ISA_USAGE = YES_ERROR;
				CLANG_WARN_DOCUMENTATION_COMMENTS = YES;
				CLANG_WARN_EMPTY_BODY = YES;
				CLANG_WARN_ENUM_CONVERSION = YES;
				CLANG_WARN_INFINITE_RECURSION = YES;
				CLANG_WARN_INT_CONVERSION = YES;
				CLANG_WARN_OBJC_ROOT_CLASS = YES_ERROR;
				CLANG_WARN_SUSPICIOUS_MOVE = YES;
				CLANG_WARN_UNREACHABLE_CODE = YES;
				CLANG_WARN__DUPLICATE_METHOD_MATCH = YES;
				"CODE_SIGN_IDENTITY[sdk=iphoneos*]" = "iPhone Developer";
				COPY_PHASE_STRIP = NO;
				DEBUG_INFORMATION_FORMAT = dwarf;
				ENABLE_STRICT_OBJC_MSGSEND = YES;
				ENABLE_TESTABILITY = YES;
				GCC_C_LANGUAGE_STANDARD = gnu99;
				GCC_DYNAMIC_NO_PIC = NO;
				GCC_NO_COMMON_BLOCKS = YES;
				GCC_OPTIMIZATION_LEVEL = 0;
				GCC_PREPROCESSOR_DEFINITIONS = (
					"DEBUG=1",
					"$(inherited)",
				);
				GCC_WARN_64_TO_32_BIT_CONVERSION = YES;
				GCC_WARN_ABOUT_RETURN_TYPE = YES_ERROR;
				GCC_WARN_UNDECLARED_SELECTOR = YES;
				GCC_WARN_UNINITIALIZED_AUTOS = YES_AGGRESSIVE;
				GCC_WARN_UNUSED_FUNCTION = YES;
				GCC_WARN_UNUSED_VARIABLE = YES;
				IPHONEOS_DEPLOYMENT_TARGET = 9.2;
				MTL_ENABLE_DEBUG_INFO = YES;
				ONLY_ACTIVE_ARCH = YES;
				SDKROOT = iphoneos;
				SWIFT_ACTIVE_COMPILATION_CONDITIONS = DEBUG;
				SWIFT_OBJC_BRIDGING_HEADER = "OrderUs-Bridging-Header.h";
				SWIFT_OPTIMIZATION_LEVEL = "-Onone";
				TARGETED_DEVICE_FAMILY = "1,2";
			};
			name = Debug;
		};
		B959651D1E606C4600C196E1 /* Release */ = {
			isa = XCBuildConfiguration;
			buildSettings = {
				ALWAYS_SEARCH_USER_PATHS = NO;
				CLANG_ANALYZER_NONNULL = YES;
				CLANG_CXX_LANGUAGE_STANDARD = "gnu++0x";
				CLANG_CXX_LIBRARY = "libc++";
				CLANG_ENABLE_MODULES = YES;
				CLANG_ENABLE_OBJC_ARC = YES;
				CLANG_WARN_BOOL_CONVERSION = YES;
				CLANG_WARN_CONSTANT_CONVERSION = YES;
				CLANG_WARN_DIRECT_OBJC_ISA_USAGE = YES_ERROR;
				CLANG_WARN_DOCUMENTATION_COMMENTS = YES;
				CLANG_WARN_EMPTY_BODY = YES;
				CLANG_WARN_ENUM_CONVERSION = YES;
				CLANG_WARN_INFINITE_RECURSION = YES;
				CLANG_WARN_INT_CONVERSION = YES;
				CLANG_WARN_OBJC_ROOT_CLASS = YES_ERROR;
				CLANG_WARN_SUSPICIOUS_MOVE = YES;
				CLANG_WARN_UNREACHABLE_CODE = YES;
				CLANG_WARN__DUPLICATE_METHOD_MATCH = YES;
				"CODE_SIGN_IDENTITY[sdk=iphoneos*]" = "iPhone Developer";
				COPY_PHASE_STRIP = NO;
				DEBUG_INFORMATION_FORMAT = "dwarf-with-dsym";
				ENABLE_NS_ASSERTIONS = NO;
				ENABLE_STRICT_OBJC_MSGSEND = YES;
				GCC_C_LANGUAGE_STANDARD = gnu99;
				GCC_NO_COMMON_BLOCKS = YES;
				GCC_WARN_64_TO_32_BIT_CONVERSION = YES;
				GCC_WARN_ABOUT_RETURN_TYPE = YES_ERROR;
				GCC_WARN_UNDECLARED_SELECTOR = YES;
				GCC_WARN_UNINITIALIZED_AUTOS = YES_AGGRESSIVE;
				GCC_WARN_UNUSED_FUNCTION = YES;
				GCC_WARN_UNUSED_VARIABLE = YES;
				IPHONEOS_DEPLOYMENT_TARGET = 9.2;
				MTL_ENABLE_DEBUG_INFO = NO;
				SDKROOT = iphoneos;
				SWIFT_OBJC_BRIDGING_HEADER = "OrderUs-Bridging-Header.h";
				SWIFT_OPTIMIZATION_LEVEL = "-Owholemodule";
				TARGETED_DEVICE_FAMILY = "1,2";
				VALIDATE_PRODUCT = YES;
			};
			name = Release;
		};
		B959651F1E606C4600C196E1 /* Debug */ = {
			isa = XCBuildConfiguration;
			baseConfigurationReference = 9D681797CAD195E9CAAA9642 /* Pods-OrderUs.debug.xcconfig */;
			buildSettings = {
				ALWAYS_EMBED_SWIFT_STANDARD_LIBRARIES = YES;
				ASSETCATALOG_COMPILER_LAUNCHIMAGE_NAME = LaunchImage;
				CLANG_ENABLE_MODULES = YES;
				CODE_SIGN_ENTITLEMENTS = OrderUs/OrderUs.entitlements;
				DEVELOPMENT_TEAM = 3F8V2776R5;
				INFOPLIST_FILE = OrderUs/Info.plist;
				IPHONEOS_DEPLOYMENT_TARGET = 9.3;
				LD_RUNPATH_SEARCH_PATHS = "$(inherited) @executable_path/Frameworks";
				PRODUCT_BUNDLE_IDENTIFIER = com.PRO.ali.OrderUs;
				PRODUCT_NAME = "$(TARGET_NAME)";
				SWIFT_OBJC_BRIDGING_HEADER = "OrderUs/OrderUs-Bridging-Header.h";
				SWIFT_OPTIMIZATION_LEVEL = "-Onone";
				SWIFT_VERSION = 3.0;
			};
			name = Debug;
		};
		B95965201E606C4600C196E1 /* Release */ = {
			isa = XCBuildConfiguration;
			baseConfigurationReference = AE73323074D86D0D740746B9 /* Pods-OrderUs.release.xcconfig */;
			buildSettings = {
				ALWAYS_EMBED_SWIFT_STANDARD_LIBRARIES = YES;
				ASSETCATALOG_COMPILER_LAUNCHIMAGE_NAME = LaunchImage;
				CLANG_ENABLE_MODULES = YES;
				CODE_SIGN_ENTITLEMENTS = OrderUs/OrderUs.entitlements;
				DEVELOPMENT_TEAM = 3F8V2776R5;
				INFOPLIST_FILE = OrderUs/Info.plist;
				IPHONEOS_DEPLOYMENT_TARGET = 9.3;
				LD_RUNPATH_SEARCH_PATHS = "$(inherited) @executable_path/Frameworks";
				PRODUCT_BUNDLE_IDENTIFIER = com.PRO.ali.OrderUs;
				PRODUCT_NAME = "$(TARGET_NAME)";
				SWIFT_OBJC_BRIDGING_HEADER = "OrderUs/OrderUs-Bridging-Header.h";
				SWIFT_VERSION = 3.0;
			};
			name = Release;
		};
/* End XCBuildConfiguration section */

/* Begin XCConfigurationList section */
		B95965071E606C4600C196E1 /* Build configuration list for PBXProject "OrderUs" */ = {
			isa = XCConfigurationList;
			buildConfigurations = (
				B959651C1E606C4600C196E1 /* Debug */,
				B959651D1E606C4600C196E1 /* Release */,
			);
			defaultConfigurationIsVisible = 0;
			defaultConfigurationName = Release;
		};
		B959651E1E606C4600C196E1 /* Build configuration list for PBXNativeTarget "OrderUs" */ = {
			isa = XCConfigurationList;
			buildConfigurations = (
				B959651F1E606C4600C196E1 /* Debug */,
				B95965201E606C4600C196E1 /* Release */,
			);
			defaultConfigurationIsVisible = 0;
			defaultConfigurationName = Release;
		};
/* End XCConfigurationList section */

/* Begin XCVersionGroup section */
		13573CB01EC11C91003A396A /* Model.xcdatamodeld */ = {
			isa = XCVersionGroup;
			children = (
				13573CB11EC11C91003A396A /* Model.xcdatamodel */,
			);
			currentVersion = 13573CB11EC11C91003A396A /* Model.xcdatamodel */;
			path = Model.xcdatamodeld;
			sourceTree = "<group>";
			versionGroupType = wrapper.xcdatamodel;
		};
/* End XCVersionGroup section */
	};
	rootObject = B95965041E606C4600C196E1 /* Project object */;
}
